
Microsoft Visual Studio Solution File, Format Version 12.00
# Visual Studio Version 17
VisualStudioVersion = 17.0.32014.148
MinimumVisualStudioVersion = 10.0.40219.1
Project("{FAE04EC0-301F-11D3-BF4B-00C04F79EFBC}") = "Library Management System", "Library Management System\Library Management System.csproj", "{ECB895B8-718E-434E-80F2-46F69E6A2309}"
EndProject
Global
	GlobalSection(SolutionConfigurationPlatforms) = preSolution
		Debug|Any CPU = Debug|Any CPU
		Release|Any CPU = Release|Any CPU
	EndGlobalSection
	GlobalSection(ProjectConfigurationPlatforms) = postSolution
		{ECB895B8-718E-434E-80F2-46F69E6A2309}.Debug|Any CPU.ActiveCfg = Debug|Any CPU
		{ECB895B8-718E-434E-80F2-46F69E6A2309}.Debug|Any CPU.Build.0 = Debug|Any CPU
		{ECB895B8-718E-434E-80F2-46F69E6A2309}.Release|Any CPU.ActiveCfg = Release|Any CPU
		{ECB895B8-718E-434E-80F2-46F69E6A2309}.Release|Any CPU.Build.0 = Release|Any CPU
	EndGlobalSection
	GlobalSection(SolutionProperties) = preSolution
		HideSolutionNode = FALSE
	EndGlobalSection
	GlobalSection(ExtensibilityGlobals) = postSolution
		SolutionGuid = {A574D0FA-F68E-4A80-B1E9-41EBA2475B8D}
	EndGlobalSection
EndGlobal
